<?xml version="1.0" encoding="utf-8"?>
<Project ToolsVersion="4.0" xmlns="http://schemas.microsoft.com/developer/msbuild/2003">
  <ItemGroup>
    <ClCompile Include="Application.cpp">
      <Filter>Sources\Core</Filter>
    </ClCompile>
    <ClCompile Include="main.cpp">
      <Filter>Sources</Filter>
    </ClCompile>
    <ClCompile Include="Character.cpp">
      <Filter>Sources\Models\Entities</Filter>
    </ClCompile>
    <ClCompile Include="CharactersManager.cpp">
      <Filter>Sources\Controllers\Entities</Filter>
    </ClCompile>
    <ClCompile Include="LTBL2\quadtree\DynamicQuadtree.cpp">
      <Filter>Libs\LTBL2</Filter>
    </ClCompile>
    <ClCompile Include="LTBL2\lighting\LightDirectionEmission.cpp">
      <Filter>Libs\LTBL2</Filter>
    </ClCompile>
    <ClCompile Include="LTBL2\lighting\LightPointEmission.cpp">
      <Filter>Libs\LTBL2</Filter>
    </ClCompile>
    <ClCompile Include="LTBL2\lighting\LightShape.cpp">
      <Filter>Libs\LTBL2</Filter>
    </ClCompile>
    <ClCompile Include="LTBL2\lighting\LightSystem.cpp">
      <Filter>Libs\LTBL2</Filter>
    </ClCompile>
    <ClCompile Include="MapUtils.cpp">
      <Filter>Sources\Map</Filter>
    </ClCompile>
    <ClCompile Include="LTBL2\Math.cpp">
      <Filter>Libs\LTBL2</Filter>
    </ClCompile>
    <ClCompile Include="Zombie.cpp">
      <Filter>Sources\Models\Entities</Filter>
    </ClCompile>
    <ClCompile Include="LTBL2\quadtree\Quadtree.cpp">
      <Filter>Libs\LTBL2</Filter>
    </ClCompile>
    <ClCompile Include="LTBL2\quadtree\QuadtreeNode.cpp">
      <Filter>Libs\LTBL2</Filter>
    </ClCompile>
    <ClCompile Include="LTBL2\quadtree\QuadtreeOccupant.cpp">
      <Filter>Libs\LTBL2</Filter>
    </ClCompile>
    <ClCompile Include="LTBL2\quadtree\StaticQuadtree.cpp">
      <Filter>Libs\LTBL2</Filter>
    </ClCompile>
    <ClCompile Include="TileMap.cpp">
      <Filter>Sources\Map</Filter>
    </ClCompile>
    <ClCompile Include="Utils.cpp">
      <Filter>Sources\Core</Filter>
    </ClCompile>
    <ClCompile Include="Weapon.cpp">
      <Filter>Sources\Models\Items</Filter>
    </ClCompile>
    <ClCompile Include="Projectile.cpp">
      <Filter>Sources\Models\Entities</Filter>
    </ClCompile>
    <ClCompile Include="ProjectilesManager.cpp">
      <Filter>Sources\Controllers\Entities</Filter>
    </ClCompile>
    <ClCompile Include="ZombiesManager.cpp">
      <Filter>Sources\Controllers\Entities</Filter>
    </ClCompile>
    <ClCompile Include="TextureManager.cpp">
      <Filter>Sources\Core</Filter>
    </ClCompile>
    <ClCompile Include="AudioManager.cpp">
      <Filter>Sources\Core</Filter>
    </ClCompile>
    <ClCompile Include="Region.cpp">
      <Filter>Sources\Map</Filter>
    </ClCompile>
    <ClCompile Include="World.cpp">
      <Filter>Sources\Map</Filter>
    </ClCompile>
    <ClCompile Include="Item.cpp">
      <Filter>Sources\Models\Items</Filter>
    </ClCompile>
    <ClCompile Include="Key.cpp">
      <Filter>Sources\Models\Items</Filter>
    </ClCompile>
    <ClCompile Include="DrawableEntity.cpp">
      <Filter>Sources\Models</Filter>
    </ClCompile>
    <ClCompile Include="DroppedItem.cpp">
      <Filter>Sources\Models\Items</Filter>
    </ClCompile>
    <ClCompile Include="HUD.cpp">
      <Filter>Sources\HUD</Filter>
    </ClCompile>
    <ClCompile Include="Ammo.cpp">
      <Filter>Sources\Models\Items</Filter>
    </ClCompile>
    <ClCompile Include="Inventory.cpp">
      <Filter>Sources\MainPlayer</Filter>
    </ClCompile>
    <ClCompile Include="SocketManager.cpp">
      <Filter>Sources\Multiplayer</Filter>
    </ClCompile>
  </ItemGroup>
  <ItemGroup>
    <ClInclude Include="Application.h">
      <Filter>Sources\Core</Filter>
    </ClInclude>
    <ClInclude Include="Character.h">
      <Filter>Sources\Models\Entities</Filter>
    </ClInclude>
    <ClInclude Include="AudioManager.h">
      <Filter>Sources\Core</Filter>
    </ClInclude>
    <ClInclude Include="CharactersManager.h">
      <Filter>Sources\Controllers\Entities</Filter>
    </ClInclude>
    <ClInclude Include="LTBL2\quadtree\DynamicQuadtree.h">
      <Filter>Libs\LTBL2</Filter>
    </ClInclude>
    <ClInclude Include="LTBL2\lighting\LightDirectionEmission.h">
      <Filter>Libs\LTBL2</Filter>
    </ClInclude>
    <ClInclude Include="LTBL2\lighting\LightPointEmission.h">
      <Filter>Libs\LTBL2</Filter>
    </ClInclude>
    <ClInclude Include="LTBL2\lighting\LightShape.h">
      <Filter>Libs\LTBL2</Filter>
    </ClInclude>
    <ClInclude Include="LTBL2\lighting\LightSystem.h">
      <Filter>Libs\LTBL2</Filter>
    </ClInclude>
    <ClInclude Include="MapUtils.h">
      <Filter>Sources\Map</Filter>
    </ClInclude>
    <ClInclude Include="LTBL2\Math.h">
      <Filter>Libs\LTBL2</Filter>
    </ClInclude>
    <ClInclude Include="Zombie.h">
      <Filter>Sources\Models\Entities</Filter>
    </ClInclude>
    <ClInclude Include="LTBL2\quadtree\StaticQuadtree.h">
      <Filter>Libs\LTBL2</Filter>
    </ClInclude>
    <ClInclude Include="LTBL2\quadtree\Quadtree.h">
      <Filter>Libs\LTBL2</Filter>
    </ClInclude>
    <ClInclude Include="LTBL2\quadtree\QuadtreeNode.h">
      <Filter>Libs\LTBL2</Filter>
    </ClInclude>
    <ClInclude Include="LTBL2\quadtree\QuadtreeOccupant.h">
      <Filter>Libs\LTBL2</Filter>
    </ClInclude>
    <ClInclude Include="TileMap.h">
      <Filter>Sources\Map</Filter>
    </ClInclude>
    <ClInclude Include="Utils.h">
      <Filter>Sources\Core</Filter>
    </ClInclude>
    <ClInclude Include="Weapon.h">
      <Filter>Sources\Models\Items</Filter>
    </ClInclude>
    <ClInclude Include="Projectile.h">
      <Filter>Sources\Models\Entities</Filter>
    </ClInclude>
    <ClInclude Include="ProjectilesManager.h">
      <Filter>Sources\Controllers\Entities</Filter>
    </ClInclude>
    <ClInclude Include="ZombiesManager.h">
      <Filter>Sources\Controllers\Entities</Filter>
    </ClInclude>
    <ClInclude Include="TextureManager.h">
      <Filter>Sources\Core</Filter>
    </ClInclude>
    <ClInclude Include="Region.h">
      <Filter>Sources\Map</Filter>
    </ClInclude>
    <ClInclude Include="World.h">
      <Filter>Sources\Map</Filter>
    </ClInclude>
    <ClInclude Include="Item.h">
      <Filter>Sources\Models\Items</Filter>
    </ClInclude>
    <ClInclude Include="Key.h">
      <Filter>Sources\Models\Items</Filter>
    </ClInclude>
    <ClInclude Include="DrawableEntity.h">
      <Filter>Sources\Models</Filter>
    </ClInclude>
    <ClInclude Include="DroppedItem.h">
      <Filter>Sources\Models\Items</Filter>
    </ClInclude>
    <ClInclude Include="HUD.h">
      <Filter>Sources\HUD</Filter>
    </ClInclude>
    <ClInclude Include="Ammo.h">
      <Filter>Sources\Models\Items</Filter>
    </ClInclude>
    <ClInclude Include="Inventory.h">
      <Filter>Sources\MainPlayer</Filter>
    </ClInclude>
    <ClInclude Include="SocketManager.h">
      <Filter>Sources\Multiplayer</Filter>
    </ClInclude>
  </ItemGroup>
  <ItemGroup>
    <Filter Include="Sources">
      <UniqueIdentifier>{c51b72af-77d0-4468-837d-454587179694}</UniqueIdentifier>
    </Filter>
    <Filter Include="Libs">
      <UniqueIdentifier>{ec63a7c4-a651-4d51-aed3-1c6360087e95}</UniqueIdentifier>
    </Filter>
    <Filter Include="Libs\LTBL2">
      <UniqueIdentifier>{078c6ab9-4030-4948-a278-c8eb1c5bae16}</UniqueIdentifier>
    </Filter>
    <Filter Include="Sources\Core">
      <UniqueIdentifier>{f36cecc5-9190-4942-adea-89ed0a741129}</UniqueIdentifier>
    </Filter>
    <Filter Include="Sources\Models">
      <UniqueIdentifier>{0238765a-e697-4987-ac0a-f680b3b7aca2}</UniqueIdentifier>
    </Filter>
    <Filter Include="Sources\Models\Entities">
      <UniqueIdentifier>{a46b6bd6-5faf-4db8-b546-45fa65a1a342}</UniqueIdentifier>
    </Filter>
    <Filter Include="Sources\Controllers">
      <UniqueIdentifier>{dcb9068e-1997-4a31-b55a-e98ea1040da1}</UniqueIdentifier>
    </Filter>
    <Filter Include="Sources\Controllers\Entities">
      <UniqueIdentifier>{d89bed07-2556-49f8-bac6-46dd6d23ed0c}</UniqueIdentifier>
    </Filter>
    <Filter Include="Sources\Map">
      <UniqueIdentifier>{4af5a378-2ef5-4df9-bbf1-a2cf4852cf9c}</UniqueIdentifier>
    </Filter>
    <Filter Include="Sources\Models\Items">
      <UniqueIdentifier>{45d37c4a-ce4e-4fd2-8adb-46b14582fd9d}</UniqueIdentifier>
    </Filter>
    <Filter Include="Sources\HUD">
      <UniqueIdentifier>{85cbe02c-977d-41a9-9b9f-54ab2b2db881}</UniqueIdentifier>
    </Filter>
    <Filter Include="Sources\MainPlayer">
      <UniqueIdentifier>{75c7e691-de02-42e1-9bdb-bf51c050da81}</UniqueIdentifier>
    </Filter>
    <Filter Include="Sources\Multiplayer">
      <UniqueIdentifier>{5b670907-731d-4331-9b21-006aa64f8a5e}</UniqueIdentifier>
    </Filter>
  </ItemGroup>
</Project>